
Microsoft Visual Studio Solution File, Format Version 12.00
# Visual Studio Version 17
VisualStudioVersion = 17.14.36414.22 d17.14
MinimumVisualStudioVersion = 10.0.40219.1
Project("{FAE04EC0-301F-11D3-BF4B-00C04F79EFBC}") = "SeaBattleCSharp", "SeaBattleCSharp.csproj", "{88AF11FF-C167-3D08-2162-8AB5B0901823}"
EndProject
Global
	GlobalSection(SolutionConfigurationPlatforms) = preSolution
		Debug|Any CPU = Debug|Any CPU
		Release|Any CPU = Release|Any CPU
	EndGlobalSection
	GlobalSection(ProjectConfigurationPlatforms) = postSolution
		{88AF11FF-C167-3D08-2162-8AB5B0901823}.Debug|Any CPU.ActiveCfg = Debug|Any CPU
		{88AF11FF-C167-3D08-2162-8AB5B0901823}.Debug|Any CPU.Build.0 = Debug|Any CPU
		{88AF11FF-C167-3D08-2162-8AB5B0901823}.Release|Any CPU.ActiveCfg = Release|Any CPU
		{88AF11FF-C167-3D08-2162-8AB5B0901823}.Release|Any CPU.Build.0 = Release|Any CPU
	EndGlobalSection
	GlobalSection(SolutionProperties) = preSolution
		HideSolutionNode = FALSE
	EndGlobalSection
	GlobalSection(ExtensibilityGlobals) = postSolution
		SolutionGuid = {2DD15607-8E3A-47AB-A0D9-33B5B6EABAC2}
	EndGlobalSection
EndGlobal
